<?xml version="1.0" encoding="utf-8"?>
<Project ToolsVersion="4.0" xmlns="http://schemas.microsoft.com/developer/msbuild/2003">
  <ItemGroup>
    <Filter Include="Source Files">
      <UniqueIdentifier>{4FC737F1-C7A5-4376-A066-2A32D752A2FF}</UniqueIdentifier>
      <Extensions>cpp;c;cc;cxx;def;odl;idl;hpj;bat;asm;asmx</Extensions>
    </Filter>
    <Filter Include="Header Files">
      <UniqueIdentifier>{93995380-89BD-4b04-88EB-625FBE52EBFB}</UniqueIdentifier>
      <Extensions>h;hh;hpp;hxx;hm;inl;inc;xsd</Extensions>
    </Filter>
    <Filter Include="Resource Files">
      <UniqueIdentifier>{67DA6AB6-F800-4c08-8B7A-83BB121AAD01}</UniqueIdentifier>
      <Extensions>rc;ico;cur;bmp;dlg;rc2;rct;bin;rgs;gif;jpg;jpeg;jpe;resx;tiff;tif;png;wav;mfcribbon-ms</Extensions>
    </Filter>
    <Filter Include="Source Files\Core">
      <UniqueIdentifier>{6acfbc8e-3c31-4749-8d35-888ff5f0b874}</UniqueIdentifier>
    </Filter>
    <Filter Include="Header Files\Core">
      <UniqueIdentifier>{24f65093-4ff7-4200-8864-7b03f556606a}</UniqueIdentifier>
    </Filter>
    <Filter Include="Header Files\Entities">
      <UniqueIdentifier>{ce5751e6-3739-40a1-82c1-b0e94be700aa}</UniqueIdentifier>
    </Filter>
    <Filter Include="Header Files\States">
      <UniqueIdentifier>{143e8774-986a-4572-84c7-f24324b8ab6c}</UniqueIdentifier>
    </Filter>
    <Filter Include="Header Files\Entities\Mob">
      <UniqueIdentifier>{1bee317e-cfeb-4a4f-a0e6-7d63fa213b7f}</UniqueIdentifier>
    </Filter>
    <Filter Include="Header Files\Entities\NPC">
      <UniqueIdentifier>{f04ed966-e43b-4e6d-88ac-0c14d6c9c08f}</UniqueIdentifier>
    </Filter>
    <Filter Include="Source Files\Entities">
      <UniqueIdentifier>{b135f556-73e3-4003-9657-778e71fe91cd}</UniqueIdentifier>
    </Filter>
    <Filter Include="Source Files\States">
      <UniqueIdentifier>{4f9b926f-5ce6-4864-9244-71ae97efc796}</UniqueIdentifier>
    </Filter>
  </ItemGroup>
  <ItemGroup>
    <ClCompile Include="main.cpp">
      <Filter>Source Files</Filter>
    </ClCompile>
    <ClCompile Include="base_npc.cpp">
      <Filter>Source Files\Entities</Filter>
    </ClCompile>
    <ClCompile Include="bullet.cpp">
      <Filter>Source Files\Entities</Filter>
    </ClCompile>
    <ClCompile Include="enemy.cpp">
      <Filter>Source Files\Entities</Filter>
    </ClCompile>
    <ClCompile Include="lives.cpp">
      <Filter>Source Files\Entities</Filter>
    </ClCompile>
    <ClCompile Include="score.cpp">
      <Filter>Source Files\Entities</Filter>
    </ClCompile>
    <ClCompile Include="speech.cpp">
      <Filter>Source Files\Entities</Filter>
    </ClCompile>
    <ClCompile Include="entity.cpp">
      <Filter>Source Files\Core</Filter>
    </ClCompile>
    <ClCompile Include="entity_manager.cpp">
      <Filter>Source Files\Core</Filter>
    </ClCompile>
    <ClCompile Include="map.cpp">
      <Filter>Source Files\Core</Filter>
    </ClCompile>
    <ClCompile Include="main_guy.cpp">
      <Filter>Source Files\Entities</Filter>
    </ClCompile>
    <ClCompile Include="game_over.cpp">
      <Filter>Source Files\States</Filter>
    </ClCompile>
    <ClCompile Include="main_game.cpp">
      <Filter>Source Files\States</Filter>
    </ClCompile>
    <ClCompile Include="main_menu.cpp">
      <Filter>Source Files\States</Filter>
    </ClCompile>
    <ClCompile Include="win_screen.cpp">
      <Filter>Source Files\States</Filter>
    </ClCompile>
  </ItemGroup>
  <ItemGroup>
    <ClInclude Include="base_npc.h">
      <Filter>Header Files\Entities</Filter>
    </ClInclude>
    <ClInclude Include="bullet.h">
      <Filter>Header Files\Entities</Filter>
    </ClInclude>
    <ClInclude Include="enemy.h">
      <Filter>Header Files\Entities</Filter>
    </ClInclude>
    <ClInclude Include="entity.h">
      <Filter>Header Files\Core</Filter>
    </ClInclude>
    <ClInclude Include="entity_manager.h">
      <Filter>Header Files\Core</Filter>
    </ClInclude>
    <ClInclude Include="game_state.h">
      <Filter>Header Files\Core</Filter>
    </ClInclude>
    <ClInclude Include="lives.h">
      <Filter>Header Files\Entities</Filter>
    </ClInclude>
    <ClInclude Include="game_over.h">
      <Filter>Header Files\States</Filter>
    </ClInclude>
    <ClInclude Include="main_game.h">
      <Filter>Header Files\States</Filter>
    </ClInclude>
    <ClInclude Include="main_guy.h">
      <Filter>Header Files\Entities</Filter>
    </ClInclude>
    <ClInclude Include="main_menu.h">
      <Filter>Header Files\States</Filter>
    </ClInclude>
    <ClInclude Include="player_bullet.h">
      <Filter>Header Files\Entities</Filter>
    </ClInclude>
    <ClInclude Include="score.h">
      <Filter>Header Files\Entities</Filter>
    </ClInclude>
    <ClInclude Include="speech.h">
      <Filter>Header Files\Entities</Filter>
    </ClInclude>
    <ClInclude Include="win_screen.h">
      <Filter>Header Files\States</Filter>
    </ClInclude>
    <ClInclude Include="map.h">
      <Filter>Header Files\Core</Filter>
    </ClInclude>
    <ClInclude Include="SaveSystem.h">
      <Filter>Header Files\Core</Filter>
    </ClInclude>
    <ClInclude Include="mob1.h">
      <Filter>Header Files\Entities\Mob</Filter>
    </ClInclude>
    <ClInclude Include="mob2.h">
      <Filter>Header Files\Entities\Mob</Filter>
    </ClInclude>
    <ClInclude Include="npc2.h">
      <Filter>Header Files\Entities\NPC</Filter>
    </ClInclude>
    <ClInclude Include="npc1.h">
      <Filter>Header Files\Entities\NPC</Filter>
    </ClInclude>
  </ItemGroup>
</Project>